// !$*UTF8*$!
{
	archiveVersion = 1;
	classes = {
	};
	objectVersion = 46;
	objects = {

/* Begin PBXBuildFile section */
		AA9831B91D186B5A00D4F45F /* AppDelegate.swift in Sources */ = {isa = PBXBuildFile; fileRef = AA9831B81D186B5A00D4F45F /* AppDelegate.swift */; };
		AA9831BB1D186B5A00D4F45F /* ViewController.swift in Sources */ = {isa = PBXBuildFile; fileRef = AA9831BA1D186B5A00D4F45F /* ViewController.swift */; };
		AA9831BE1D186B5A00D4F45F /* Main.storyboard in Resources */ = {isa = PBXBuildFile; fileRef = AA9831BC1D186B5A00D4F45F /* Main.storyboard */; };
		AA9831C01D186B5A00D4F45F /* Assets.xcassets in Resources */ = {isa = PBXBuildFile; fileRef = AA9831BF1D186B5A00D4F45F /* Assets.xcassets */; };
		AA9831C31D186B5A00D4F45F /* LaunchScreen.storyboard in Resources */ = {isa = PBXBuildFile; fileRef = AA9831C11D186B5A00D4F45F /* LaunchScreen.storyboard */; };
		AA9831CB1D188A0D00D4F45F /* CollegeNSObject.swift in Sources */ = {isa = PBXBuildFile; fileRef = AA9831CA1D188A0D00D4F45F /* CollegeNSObject.swift */; };
		AA9831CD1D18975200D4F45F /* DetailViewController.swift in Sources */ = {isa = PBXBuildFile; fileRef = AA9831CC1D18975200D4F45F /* DetailViewController.swift */; };
/* End PBXBuildFile section */

/* Begin PBXFileReference section */
		AA9831B51D186B5A00D4F45F /* collegeData.app */ = {isa = PBXFileReference; explicitFileType = wrapper.application; includeInIndex = 0; path = collegeData.app; sourceTree = BUILT_PRODUCTS_DIR; };
		AA9831B81D186B5A00D4F45F /* AppDelegate.swift */ = {isa = PBXFileReference; lastKnownFileType = sourcecode.swift; path = AppDelegate.swift; sourceTree = "<group>"; };
		AA9831BA1D186B5A00D4F45F /* ViewController.swift */ = {isa = PBXFileReference; lastKnownFileType = sourcecode.swift; path = ViewController.swift; sourceTree = "<group>"; };
		AA9831BD1D186B5A00D4F45F /* Base */ = {isa = PBXFileReference; lastKnownFileType = file.storyboard; name = Base; path = Base.lproj/Main.storyboard; sourceTree = "<group>"; };
		AA9831BF1D186B5A00D4F45F /* Assets.xcassets */ = {isa = PBXFileReference; lastKnownFileType = folder.assetcatalog; path = Assets.xcassets; sourceTree = "<group>"; };
		AA9831C21D186B5A00D4F45F /* Base */ = {isa = PBXFileReference; lastKnownFileType = file.storyboard; name = Base; path = Base.lproj/LaunchScreen.storyboard; sourceTree = "<group>"; };
		AA9831C41D186B5A00D4F45F /* Info.plist */ = {isa = PBXFileReference; lastKnownFileType = text.plist.xml; path = Info.plist; sourceTree = "<group>"; };
		AA9831CA1D188A0D00D4F45F /* CollegeNSObject.swift */ = {isa = PBXFileReference; fileEncoding = 4; lastKnownFileType = sourcecode.swift; path = CollegeNSObject.swift; sourceTree = "<group>"; };
		AA9831CC1D18975200D4F45F /* DetailViewController.swift */ = {isa = PBXFileReference; fileEncoding = 4; lastKnownFileType = sourcecode.swift; path = DetailViewController.swift; sourceTree = "<group>"; };
/* End PBXFileReference section */

/* Begin PBXFrameworksBuildPhase section */
		AA9831B21D186B5A00D4F45F /* Frameworks */ = {
			isa = PBXFrameworksBuildPhase;
			buildActionMask = 2147483647;
			files = (
			);
			runOnlyForDeploymentPostprocessing = 0;
		};
/* End PBXFrameworksBuildPhase section */

/* Begin PBXGroup section */
		AA9831AC1D186B5A00D4F45F = {
			isa = PBXGroup;
			children = (
				AA9831B71D186B5A00D4F45F /* collegeData */,
				AA9831B61D186B5A00D4F45F /* Products */,
			);
			sourceTree = "<group>";
		};
		AA9831B61D186B5A00D4F45F /* Products */ = {
			isa = PBXGroup;
			children = (
				AA9831B51D186B5A00D4F45F /* collegeData.app */,
			);
			name = Products;
			sourceTree = "<group>";
		};
		AA9831B71D186B5A00D4F45F /* collegeData */ = {
			isa = PBXGroup;
			children = (
				AA9831B81D186B5A00D4F45F /* AppDelegate.swift */,
				AA9831BA1D186B5A00D4F45F /* ViewController.swift */,
				AA9831CA1D188A0D00D4F45F /* CollegeNSObject.swift */,
				AA9831CC1D18975200D4F45F /* DetailViewController.swift */,
				AA9831BC1D186B5A00D4F45F /* Main.storyboard */,
				AA9831BF1D186B5A00D4F45F /* Assets.xcassets */,
				AA9831C11D186B5A00D4F45F /* LaunchScreen.storyboard */,
				AA9831C41D186B5A00D4F45F /* Info.plist */,
			);
			path = collegeData;
			sourceTree = "<group>";
		};
/* End PBXGroup section */

/* Begin PBXNativeTarget section */
		AA9831B41D186B5A00D4F45F /* collegeData */ = {
			isa = PBXNativeTarget;
			buildConfigurationList = AA9831C71D186B5A00D4F45F /* Build configuration list for PBXNativeTarget "collegeData" */;
			buildPhases = (
				AA9831B11D186B5A00D4F45F /* Sources */,
				AA9831B21D186B5A00D4F45F /* Frameworks */,
				AA9831B31D186B5A00D4F45F /* Resources */,
			);
			buildRules = (
			);
			dependencies = (
			);
			name = collegeData;
			productName = collegeData;
			productReference = AA9831B51D186B5A00D4F45F /* collegeData.app */;
			productType = "com.apple.product-type.application";
		};
/* End PBXNativeTarget section */

/* Begin PBXProject section */
		AA9831AD1D186B5A00D4F45F /* Project object */ = {
			isa = PBXProject;
			attributes = {
				LastSwiftUpdateCheck = 0730;
				LastUpgradeCheck = 0730;
				ORGANIZATIONNAME = "Mark C. Kosirog";
				TargetAttributes = {
					AA9831B41D186B5A00D4F45F = {
						CreatedOnToolsVersion = 7.3.1;
					};
				};
			};
			buildConfigurationList = AA9831B01D186B5A00D4F45F /* Build configuration list for PBXProject "collegeData" */;
			compatibilityVersion = "Xcode 3.2";
			developmentRegion = English;
			hasScannedForEncodings = 0;
			knownRegions = (
				en,
				Base,
			);
			mainGroup = AA9831AC1D186B5A00D4F45F;
			productRefGroup = AA9831B61D186B5A00D4F45F /* Products */;
			projectDirPath = "";
			projectRoot = "";
			targets = (
				AA9831B41D186B5A00D4F45F /* collegeData */,
			);
		};
/* End PBXProject section */

/* Begin PBXResourcesBuildPhase section */
		AA9831B31D186B5A00D4F45F /* Resources */ = {
			isa = PBXResourcesBuildPhase;
			buildActionMask = 2147483647;
			files = (
				AA9831C31D186B5A00D4F45F /* LaunchScreen.storyboard in Resources */,
				AA9831C01D186B5A00D4F45F /* Assets.xcassets in Resources */,
				AA9831BE1D186B5A00D4F45F /* Main.storyboard in Resources */,
			);
			runOnlyForDeploymentPostprocessing = 0;
		};
/* End PBXResourcesBuildPhase section */

/* Begin PBXSourcesBuildPhase section */
		AA9831B11D186B5A00D4F45F /* Sources */ = {
			isa = PBXSourcesBuildPhase;
			buildActionMask = 2147483647;
			files = (
				AA9831BB1D186B5A00D4F45F /* ViewController.swift in Sources */,
				AA9831CB1D188A0D00D4F45F /* CollegeNSObject.swift in Sources */,
				AA9831B91D186B5A00D4F45F /* AppDelegate.swift in Sources */,
				AA9831CD1D18975200D4F45F /* DetailViewController.swift in Sources */,
			);
			runOnlyForDeploymentPostprocessing = 0;
		};
/* End PBXSourcesBuildPhase section */

/* Begin PBXVariantGroup section */
		AA9831BC1D186B5A00D4F45F /* Main.storyboard */ = {
			isa = PBXVariantGroup;
			children = (
				AA9831BD1D186B5A00D4F45F /* Base */,
			);
			name = Main.storyboard;
			sourceTree = "<group>";
		};
		AA9831C11D186B5A00D4F45F /* LaunchScreen.storyboard */ = {
			isa = PBXVariantGroup;
			children = (
				AA9831C21D186B5A00D4F45F /* Base */,
			);
			name = LaunchScreen.storyboard;
			sourceTree = "<group>";
		};
/* End PBXVariantGroup section */

/* Begin XCBuildConfiguration section */
		AA9831C51D186B5A00D4F45F /* Debug */ = {
			isa = XCBuildConfiguration;
			buildSettings = {
				ALWAYS_SEARCH_USER_PATHS = NO;
				CLANG_ANALYZER_NONNULL = YES;
				CLANG_CXX_LANGUAGE_STANDARD = "gnu++0x";
				CLANG_CXX_LIBRARY = "libc++";
				CLANG_ENABLE_MODULES = YES;
				CLANG_ENABLE_OBJC_ARC = YES;
				CLANG_WARN_BOOL_CONVERSION = YES;
				CLANG_WARN_CONSTANT_CONVERSION = YES;
				CLANG_WARN_DIRECT_OBJC_ISA_USAGE = YES_ERROR;
				CLANG_WARN_EMPTY_BODY = YES;
				CLANG_WARN_ENUM_CONVERSION = YES;
				CLANG_WARN_INT_CONVERSION = YES;
				CLANG_WARN_OBJC_ROOT_CLASS = YES_ERROR;
				CLANG_WARN_UNREACHABLE_CODE = YES;
				CLANG_WARN__DUPLICATE_METHOD_MATCH = YES;
				"CODE_SIGN_IDENTITY[sdk=iphoneos*]" = "iPhone Developer";
				COPY_PHASE_STRIP = NO;
				DEBUG_INFORMATION_FORMAT = dwarf;
				ENABLE_STRICT_OBJC_MSGSEND = YES;
				ENABLE_TESTABILITY = YES;
				GCC_C_LANGUAGE_STANDARD = gnu99;
				GCC_DYNAMIC_NO_PIC = NO;
				GCC_NO_COMMON_BLOCKS = YES;
				GCC_OPTIMIZATION_LEVEL = 0;
				GCC_PREPROCESSOR_DEFINITIONS = (
					"DEBUG=1",
					"$(inherited)",
				);
				GCC_WARN_64_TO_32_BIT_CONVERSION = YES;
				GCC_WARN_ABOUT_RETURN_TYPE = YES_ERROR;
				GCC_WARN_UNDECLARED_SELECTOR = YES;
				GCC_WARN_UNINITIALIZED_AUTOS = YES_AGGRESSIVE;
				GCC_WARN_UNUSED_FUNCTION = YES;
				GCC_WARN_UNUSED_VARIABLE = YES;
				IPHONEOS_DEPLOYMENT_TARGET = 9.3;
				MTL_ENABLE_DEBUG_INFO = YES;
				ONLY_ACTIVE_ARCH = YES;
				SDKROOT = iphoneos;
				SWIFT_OPTIMIZATION_LEVEL = "-Onone";
				TARGETED_DEVICE_FAMILY = "1,2";
			};
			name = Debug;
		};
		AA9831C61D186B5A00D4F45F /* Release */ = {
			isa = XCBuildConfiguration;
			buildSettings = {
				ALWAYS_SEARCH_USER_PATHS = NO;
				CLANG_ANALYZER_NONNULL = YES;
				CLANG_CXX_LANGUAGE_STANDARD = "gnu++0x";
				CLANG_CXX_LIBRARY = "libc++";
				CLANG_ENABLE_MODULES = YES;
				CLANG_ENABLE_OBJC_ARC = YES;
				CLANG_WARN_BOOL_CONVERSION = YES;
				CLANG_WARN_CONSTANT_CONVERSION = YES;
				CLANG_WARN_DIRECT_OBJC_ISA_USAGE = YES_ERROR;
				CLANG_WARN_EMPTY_BODY = YES;
				CLANG_WARN_ENUM_CONVERSION = YES;
				CLANG_WARN_INT_CONVERSION = YES;
				CLANG_WARN_OBJC_ROOT_CLASS = YES_ERROR;
				CLANG_WARN_UNREACHABLE_CODE = YES;
				CLANG_WARN__DUPLICATE_METHOD_MATCH = YES;
				"CODE_SIGN_IDENTITY[sdk=iphoneos*]" = "iPhone Developer";
				COPY_PHASE_STRIP = NO;
				DEBUG_INFORMATION_FORMAT = "dwarf-with-dsym";
				ENABLE_NS_ASSERTIONS = NO;
				ENABLE_STRICT_OBJC_MSGSEND = YES;
				GCC_C_LANGUAGE_STANDARD = gnu99;
				GCC_NO_COMMON_BLOCKS = YES;
				GCC_WARN_64_TO_32_BIT_CONVERSION = YES;
				GCC_WARN_ABOUT_RETURN_TYPE = YES_ERROR;
				GCC_WARN_UNDECLARED_SELECTOR = YES;
				GCC_WARN_UNINITIALIZED_AUTOS = YES_AGGRESSIVE;
				GCC_WARN_UNUSED_FUNCTION = YES;
				GCC_WARN_UNUSED_VARIABLE = YES;
				IPHONEOS_DEPLOYMENT_TARGET = 9.3;
				MTL_ENABLE_DEBUG_INFO = NO;
				SDKROOT = iphoneos;
				TARGETED_DEVICE_FAMILY = "1,2";
				VALIDATE_PRODUCT = YES;
			};
			name = Release;
		};
		AA9831C81D186B5A00D4F45F /* Debug */ = {
			isa = XCBuildConfiguration;
			buildSettings = {
				ASSETCATALOG_COMPILER_APPICON_NAME = AppIcon;
				INFOPLIST_FILE = collegeData/Info.plist;
				LD_RUNPATH_SEARCH_PATHS = "$(inherited) @executable_path/Frameworks";
				PRODUCT_BUNDLE_IDENTIFIER = MCK.collegeData;
				PRODUCT_NAME = "$(TARGET_NAME)";
			};
			name = Debug;
		};
		AA9831C91D186B5A00D4F45F /* Release */ = {
			isa = XCBuildConfiguration;
			buildSettings = {
				ASSETCATALOG_COMPILER_APPICON_NAME = AppIcon;
				INFOPLIST_FILE = collegeData/Info.plist;
				LD_RUNPATH_SEARCH_PATHS = "$(inherited) @executable_path/Frameworks";
				PRODUCT_BUNDLE_IDENTIFIER = MCK.collegeData;
				PRODUCT_NAME = "$(TARGET_NAME)";
			};
			name = Release;
		};
/* End XCBuildConfiguration section */

/* Begin XCConfigurationList section */
		AA9831B01D186B5A00D4F45F /* Build configuration list for PBXProject "collegeData" */ = {
			isa = XCConfigurationList;
			buildConfigurations = (
				AA9831C51D186B5A00D4F45F /* Debug */,
				AA9831C61D186B5A00D4F45F /* Release */,
			);
			defaultConfigurationIsVisible = 0;
			defaultConfigurationName = Release;
		};
		AA9831C71D186B5A00D4F45F /* Build configuration list for PBXNativeTarget "collegeData" */ = {
			isa = XCConfigurationList;
			buildConfigurations = (
				AA9831C81D186B5A00D4F45F /* Debug */,
				AA9831C91D186B5A00D4F45F /* Release */,
			);
			defaultConfigurationIsVisible = 0;
			defaultConfigurationName = Release;
		};
/* End XCConfigurationList section */
	};
	rootObject = AA9831AD1D186B5A00D4F45F /* Project object */;
}
